{
    "_meta": {
        "hash": {
            "sha256": "1837c7840315e4f09758b7c3d479a79d960c45c982de8f6caa4854097510e123"
        },
        "pipfile-spec": 6,
        "requires": {
            "python_version": "3.11"
        },
        "sources": [
            {
                "name": "pypi",
                "url": "https://pypi.org/simple",
                "verify_ssl": true
            }
        ]
    },
    "default": {
        "py4j": {
            "hashes": [
                "sha256:0b6e5315bb3ada5cf62ac651d107bb2ebc02def3dee9d9548e3baac644ea8dbb",
                "sha256:85defdfd2b2376eb3abf5ca6474b51ab7e0de341c75a02f46dc9b5976f5a5c1b"
            ],
            "version": "==0.10.9.7"
        },
        "pyspark": {
            "hashes": [
                "sha256:b831a99c1aeb058bc4a2498665de10006b899b2438ba15470cc88f577755ebf8"
            ],
            "index": "pypi",
            "markers": "python_version >= '3.7'",
            "version": "==3.4.4"
        }
    },
    "develop": {}
}
